// !$*UTF8*$!
{
	archiveVersion = 1;
	classes = {
	};
	objectVersion = 55;
	objects = {

/* Begin PBXBuildFile section */
		0A3B809069197B1F43FA254D /* Pods_TSwiftChatApp.framework in Frameworks */ = {isa = PBXBuildFile; fileRef = A8319F407C906B3E0035B951 /* Pods_TSwiftChatApp.framework */; };
		430BA9A42B232A6200A6FC05 /* FirebaseChannelListeners.swift in Sources */ = {isa = PBXBuildFile; fileRef = 430BA9A32B232A6200A6FC05 /* FirebaseChannelListeners.swift */; };
		4317848B2AC5864800C80EBA /* ChatTableViewCell.swift in Sources */ = {isa = PBXBuildFile; fileRef = 4317848A2AC5864800C80EBA /* ChatTableViewCell.swift */; };
		4317848D2AC586C000C80EBA /* ChatTableViewController.swift in Sources */ = {isa = PBXBuildFile; fileRef = 4317848C2AC586C000C80EBA /* ChatTableViewController.swift */; };
		43261F512AF1594B00E7B897 /* FirebaseTypingListeners.swift in Sources */ = {isa = PBXBuildFile; fileRef = 43261F502AF1594B00E7B897 /* FirebaseTypingListeners.swift */; };
		4330DBCC2AE5364B00F403CD /* InComingMessage.swift in Sources */ = {isa = PBXBuildFile; fileRef = 4330DBCB2AE5364B00F403CD /* InComingMessage.swift */; };
		4338BAE72AF94763009C94A0 /* VideoMessage.swift in Sources */ = {isa = PBXBuildFile; fileRef = 4338BAE62AF94763009C94A0 /* VideoMessage.swift */; };
		4338BAE92AF964CE009C94A0 /* LocationManager.swift in Sources */ = {isa = PBXBuildFile; fileRef = 4338BAE82AF964CE009C94A0 /* LocationManager.swift */; };
		4338C1BD2B1B269A002B6C8F /* MapViewController.swift in Sources */ = {isa = PBXBuildFile; fileRef = 4338C1BC2B1B269A002B6C8F /* MapViewController.swift */; };
		4338C1BF2B1B3604002B6C8F /* MapAnnotation.swift in Sources */ = {isa = PBXBuildFile; fileRef = 4338C1BE2B1B3604002B6C8F /* MapAnnotation.swift */; };
		4342E73E2AA0F3CA00680B91 /* Validate.swift in Sources */ = {isa = PBXBuildFile; fileRef = 4342E73D2AA0F3CA00680B91 /* Validate.swift */; };
		4358B6D82A95271F00DB3282 /* GoogleService-Info.plist in Resources */ = {isa = PBXBuildFile; fileRef = 4358B6D72A95271F00DB3282 /* GoogleService-Info.plist */; };
		435DBF672ACAAA16001D01AC /* FirebaseChatListeners.swift in Sources */ = {isa = PBXBuildFile; fileRef = 435DBF662ACAAA16001D01AC /* FirebaseChatListeners.swift */; };
		436243C02AFA26B900CE2B29 /* LocationMessage.swift in Sources */ = {isa = PBXBuildFile; fileRef = 436243BF2AFA26B900CE2B29 /* LocationMessage.swift */; };
		4362D2132B1DF0F400624694 /* AudioRecordManager.swift in Sources */ = {isa = PBXBuildFile; fileRef = 4362D2122B1DF0F400624694 /* AudioRecordManager.swift */; };
		4362D2152B1E325300624694 /* AudioMessage.swift in Sources */ = {isa = PBXBuildFile; fileRef = 4362D2142B1E325300624694 /* AudioMessage.swift */; };
		43679CF02A9BB39900B5CE5C /* User.swift in Sources */ = {isa = PBXBuildFile; fileRef = 43679CEF2A9BB39900B5CE5C /* User.swift */; };
		43679CF22A9BB50700B5CE5C /* Constants.swift in Sources */ = {isa = PBXBuildFile; fileRef = 43679CF12A9BB50700B5CE5C /* Constants.swift */; };
		43679CF52A9BB99A00B5CE5C /* FirebaseReference.swift in Sources */ = {isa = PBXBuildFile; fileRef = 43679CF42A9BB99A00B5CE5C /* FirebaseReference.swift */; };
		43679CF72A9BBB1D00B5CE5C /* FirebaseUserListeners.swift in Sources */ = {isa = PBXBuildFile; fileRef = 43679CF62A9BBB1D00B5CE5C /* FirebaseUserListeners.swift */; };
		436C0E652AD94ADB00208549 /* MessagesDataSource.swift in Sources */ = {isa = PBXBuildFile; fileRef = 436C0E642AD94ADA00208549 /* MessagesDataSource.swift */; };
		436C0E672AD94B1E00208549 /* MessageCellDelegate.swift in Sources */ = {isa = PBXBuildFile; fileRef = 436C0E662AD94B1E00208549 /* MessageCellDelegate.swift */; };
		436C0E692AD94B6200208549 /* MessagesDisplayDelegate.swift in Sources */ = {isa = PBXBuildFile; fileRef = 436C0E682AD94B6200208549 /* MessagesDisplayDelegate.swift */; };
		436C0E6B2AD94B9500208549 /* MessagesLayoutDelegate.swift in Sources */ = {isa = PBXBuildFile; fileRef = 436C0E6A2AD94B9500208549 /* MessagesLayoutDelegate.swift */; };
		436C0E6D2AD94BBD00208549 /* InputBarAccessoryViewDelegate.swift in Sources */ = {isa = PBXBuildFile; fileRef = 436C0E6C2AD94BBD00208549 /* InputBarAccessoryViewDelegate.swift */; };
		43772B322ABF74DB00EEEB79 /* PeopleTableViewCell.swift in Sources */ = {isa = PBXBuildFile; fileRef = 43772B312ABF74DB00EEEB79 /* PeopleTableViewCell.swift */; };
		437A408F2AC04F2D002C762C /* PeopleViewController.swift in Sources */ = {isa = PBXBuildFile; fileRef = 437A408E2AC04F2D002C762C /* PeopleViewController.swift */; };
		437C996D2AAE201E00A5D4A1 /* EditProfileTableViewController.swift in Sources */ = {isa = PBXBuildFile; fileRef = 437C996C2AAE201E00A5D4A1 /* EditProfileTableViewController.swift */; };
		4384419A2ADE660F00A30A4E /* MessageKitDefaults.swift in Sources */ = {isa = PBXBuildFile; fileRef = 438441992ADE660F00A30A4E /* MessageKitDefaults.swift */; };
		4384419C2ADE6FCE00A30A4E /* MKMessage.swift in Sources */ = {isa = PBXBuildFile; fileRef = 4384419B2ADE6FCE00A30A4E /* MKMessage.swift */; };
		4385AFD22ABB4E3600F9BAC5 /* Extension.swift in Sources */ = {isa = PBXBuildFile; fileRef = 4385AFD12ABB4E3600F9BAC5 /* Extension.swift */; };
		438E23772AF7B29400BBC2D8 /* PhotoMessage.swift in Sources */ = {isa = PBXBuildFile; fileRef = 438E23762AF7B29400BBC2D8 /* PhotoMessage.swift */; };
		438EC7622AD4698400BF6413 /* ChatDetailViewController.swift in Sources */ = {isa = PBXBuildFile; fileRef = 438EC7612AD4698400BF6413 /* ChatDetailViewController.swift */; };
		439BDAF72AC59AD900672F5F /* Chat.swift in Sources */ = {isa = PBXBuildFile; fileRef = 439BDAF62AC59AD900672F5F /* Chat.swift */; };
		43A041C32AE3F0B800E9B37D /* RealmManager.swift in Sources */ = {isa = PBXBuildFile; fileRef = 43A041C22AE3F0B800E9B37D /* RealmManager.swift */; };
		43A041C72AE3F91600E9B37D /* OutComingMessage.swift in Sources */ = {isa = PBXBuildFile; fileRef = 43A041C62AE3F91600E9B37D /* OutComingMessage.swift */; };
		43A21DED2B24DAC8003277F9 /* DetailInfoTableViewController.swift in Sources */ = {isa = PBXBuildFile; fileRef = 43A21DEC2B24DAC8003277F9 /* DetailInfoTableViewController.swift */; };
		43A21DF02B24DBB8003277F9 /* HeaderTableView.swift in Sources */ = {isa = PBXBuildFile; fileRef = 43A21DEF2B24DBB8003277F9 /* HeaderTableView.swift */; };
		43A2AD892B20DE32008D57B0 /* ChannelTableViewController.swift in Sources */ = {isa = PBXBuildFile; fileRef = 43A2AD882B20DE32008D57B0 /* ChannelTableViewController.swift */; };
		43A8DD9C2AC5DDB600284EA0 /* Converter.swift in Sources */ = {isa = PBXBuildFile; fileRef = 43A8DD9B2AC5DDB600284EA0 /* Converter.swift */; };
		43AA1D542ABCAA1900195F22 /* Status.swift in Sources */ = {isa = PBXBuildFile; fileRef = 43AA1D532ABCAA1900195F22 /* Status.swift */; };
		43AA1D562ABCB13B00195F22 /* StatusTableViewController.swift in Sources */ = {isa = PBXBuildFile; fileRef = 43AA1D552ABCB13B00195F22 /* StatusTableViewController.swift */; };
		43B0203B2B21E09100C7BB89 /* ChannelTableViewCell.swift in Sources */ = {isa = PBXBuildFile; fileRef = 43B0203A2B21E09100C7BB89 /* ChannelTableViewCell.swift */; };
		43B0203D2B21E2B600C7BB89 /* Channel.swift in Sources */ = {isa = PBXBuildFile; fileRef = 43B0203C2B21E2B600C7BB89 /* Channel.swift */; };
		43B020412B21F32E00C7BB89 /* AddChannelTableViewController.swift in Sources */ = {isa = PBXBuildFile; fileRef = 43B020402B21F32E00C7BB89 /* AddChannelTableViewController.swift */; };
		43B67F2C2ADEFF3800F66E93 /* LocalMessage.swift in Sources */ = {isa = PBXBuildFile; fileRef = 43B67F2B2ADEFF3800F66E93 /* LocalMessage.swift */; };
		43C68D572A9513AC00F24944 /* AppDelegate.swift in Sources */ = {isa = PBXBuildFile; fileRef = 43C68D562A9513AC00F24944 /* AppDelegate.swift */; };
		43C68D592A9513AC00F24944 /* SceneDelegate.swift in Sources */ = {isa = PBXBuildFile; fileRef = 43C68D582A9513AC00F24944 /* SceneDelegate.swift */; };
		43C68D5B2A9513AC00F24944 /* AuthViewController.swift in Sources */ = {isa = PBXBuildFile; fileRef = 43C68D5A2A9513AC00F24944 /* AuthViewController.swift */; };
		43C68D5E2A9513AC00F24944 /* Main.storyboard in Resources */ = {isa = PBXBuildFile; fileRef = 43C68D5C2A9513AC00F24944 /* Main.storyboard */; };
		43C68D602A9513AE00F24944 /* Assets.xcassets in Resources */ = {isa = PBXBuildFile; fileRef = 43C68D5F2A9513AE00F24944 /* Assets.xcassets */; };
		43C68D632A9513AE00F24944 /* LaunchScreen.storyboard in Resources */ = {isa = PBXBuildFile; fileRef = 43C68D612A9513AE00F24944 /* LaunchScreen.storyboard */; };
		43CB0B8C2AB70ED100C78420 /* FireStorage.swift in Sources */ = {isa = PBXBuildFile; fileRef = 43CB0B8B2AB70ED100C78420 /* FireStorage.swift */; };
		43CB0B8E2AB72FA600C78420 /* GlobalFunc.swift in Sources */ = {isa = PBXBuildFile; fileRef = 43CB0B8D2AB72FA600C78420 /* GlobalFunc.swift */; };
		43CBC9512AAB7D7B00F0829E /* SettingTableViewController.swift in Sources */ = {isa = PBXBuildFile; fileRef = 43CBC9502AAB7D7B00F0829E /* SettingTableViewController.swift */; };
		43EC1A792B1F442B005F3E2E /* BasicAudioController.swift in Sources */ = {isa = PBXBuildFile; fileRef = 43EC1A782B1F442B005F3E2E /* BasicAudioController.swift */; };
/* End PBXBuildFile section */

/* Begin PBXFileReference section */
		1450C77C7F80EB2E91A25128 /* Pods-TSwiftChatApp.release.xcconfig */ = {isa = PBXFileReference; includeInIndex = 1; lastKnownFileType = text.xcconfig; name = "Pods-TSwiftChatApp.release.xcconfig"; path = "Target Support Files/Pods-TSwiftChatApp/Pods-TSwiftChatApp.release.xcconfig"; sourceTree = "<group>"; };
		430BA9A32B232A6200A6FC05 /* FirebaseChannelListeners.swift */ = {isa = PBXFileReference; lastKnownFileType = sourcecode.swift; path = FirebaseChannelListeners.swift; sourceTree = "<group>"; };
		4317848A2AC5864800C80EBA /* ChatTableViewCell.swift */ = {isa = PBXFileReference; lastKnownFileType = sourcecode.swift; path = ChatTableViewCell.swift; sourceTree = "<group>"; };
		4317848C2AC586C000C80EBA /* ChatTableViewController.swift */ = {isa = PBXFileReference; lastKnownFileType = sourcecode.swift; path = ChatTableViewController.swift; sourceTree = "<group>"; };
		43261F502AF1594B00E7B897 /* FirebaseTypingListeners.swift */ = {isa = PBXFileReference; lastKnownFileType = sourcecode.swift; path = FirebaseTypingListeners.swift; sourceTree = "<group>"; };
		4330DBCB2AE5364B00F403CD /* InComingMessage.swift */ = {isa = PBXFileReference; lastKnownFileType = sourcecode.swift; path = InComingMessage.swift; sourceTree = "<group>"; };
		4338BAE62AF94763009C94A0 /* VideoMessage.swift */ = {isa = PBXFileReference; lastKnownFileType = sourcecode.swift; path = VideoMessage.swift; sourceTree = "<group>"; };
		4338BAE82AF964CE009C94A0 /* LocationManager.swift */ = {isa = PBXFileReference; lastKnownFileType = sourcecode.swift; path = LocationManager.swift; sourceTree = "<group>"; };
		4338C1BC2B1B269A002B6C8F /* MapViewController.swift */ = {isa = PBXFileReference; lastKnownFileType = sourcecode.swift; path = MapViewController.swift; sourceTree = "<group>"; };
		4338C1BE2B1B3604002B6C8F /* MapAnnotation.swift */ = {isa = PBXFileReference; lastKnownFileType = sourcecode.swift; path = MapAnnotation.swift; sourceTree = "<group>"; };
		4342E73D2AA0F3CA00680B91 /* Validate.swift */ = {isa = PBXFileReference; lastKnownFileType = sourcecode.swift; path = Validate.swift; sourceTree = "<group>"; };
		4358B6D72A95271F00DB3282 /* GoogleService-Info.plist */ = {isa = PBXFileReference; fileEncoding = 4; lastKnownFileType = text.plist.xml; path = "GoogleService-Info.plist"; sourceTree = "<group>"; };
		435DBF662ACAAA16001D01AC /* FirebaseChatListeners.swift */ = {isa = PBXFileReference; lastKnownFileType = sourcecode.swift; path = FirebaseChatListeners.swift; sourceTree = "<group>"; };
		436243BF2AFA26B900CE2B29 /* LocationMessage.swift */ = {isa = PBXFileReference; lastKnownFileType = sourcecode.swift; path = LocationMessage.swift; sourceTree = "<group>"; };
		4362D2122B1DF0F400624694 /* AudioRecordManager.swift */ = {isa = PBXFileReference; lastKnownFileType = sourcecode.swift; path = AudioRecordManager.swift; sourceTree = "<group>"; };
		4362D2142B1E325300624694 /* AudioMessage.swift */ = {isa = PBXFileReference; lastKnownFileType = sourcecode.swift; path = AudioMessage.swift; sourceTree = "<group>"; };
		43679CEF2A9BB39900B5CE5C /* User.swift */ = {isa = PBXFileReference; lastKnownFileType = sourcecode.swift; path = User.swift; sourceTree = "<group>"; };
		43679CF12A9BB50700B5CE5C /* Constants.swift */ = {isa = PBXFileReference; lastKnownFileType = sourcecode.swift; path = Constants.swift; sourceTree = "<group>"; };
		43679CF42A9BB99A00B5CE5C /* FirebaseReference.swift */ = {isa = PBXFileReference; lastKnownFileType = sourcecode.swift; path = FirebaseReference.swift; sourceTree = "<group>"; };
		43679CF62A9BBB1D00B5CE5C /* FirebaseUserListeners.swift */ = {isa = PBXFileReference; lastKnownFileType = sourcecode.swift; path = FirebaseUserListeners.swift; sourceTree = "<group>"; };
		436C0E642AD94ADA00208549 /* MessagesDataSource.swift */ = {isa = PBXFileReference; lastKnownFileType = sourcecode.swift; path = MessagesDataSource.swift; sourceTree = "<group>"; };
		436C0E662AD94B1E00208549 /* MessageCellDelegate.swift */ = {isa = PBXFileReference; lastKnownFileType = sourcecode.swift; path = MessageCellDelegate.swift; sourceTree = "<group>"; };
		436C0E682AD94B6200208549 /* MessagesDisplayDelegate.swift */ = {isa = PBXFileReference; lastKnownFileType = sourcecode.swift; path = MessagesDisplayDelegate.swift; sourceTree = "<group>"; };
		436C0E6A2AD94B9500208549 /* MessagesLayoutDelegate.swift */ = {isa = PBXFileReference; lastKnownFileType = sourcecode.swift; path = MessagesLayoutDelegate.swift; sourceTree = "<group>"; };
		436C0E6C2AD94BBD00208549 /* InputBarAccessoryViewDelegate.swift */ = {isa = PBXFileReference; lastKnownFileType = sourcecode.swift; path = InputBarAccessoryViewDelegate.swift; sourceTree = "<group>"; };
		43772B312ABF74DB00EEEB79 /* PeopleTableViewCell.swift */ = {isa = PBXFileReference; lastKnownFileType = sourcecode.swift; path = PeopleTableViewCell.swift; sourceTree = "<group>"; };
		437A408E2AC04F2D002C762C /* PeopleViewController.swift */ = {isa = PBXFileReference; lastKnownFileType = sourcecode.swift; path = PeopleViewController.swift; sourceTree = "<group>"; };
		437C996C2AAE201E00A5D4A1 /* EditProfileTableViewController.swift */ = {isa = PBXFileReference; lastKnownFileType = sourcecode.swift; path = EditProfileTableViewController.swift; sourceTree = "<group>"; };
		438441992ADE660F00A30A4E /* MessageKitDefaults.swift */ = {isa = PBXFileReference; lastKnownFileType = sourcecode.swift; path = MessageKitDefaults.swift; sourceTree = "<group>"; };
		4384419B2ADE6FCE00A30A4E /* MKMessage.swift */ = {isa = PBXFileReference; lastKnownFileType = sourcecode.swift; path = MKMessage.swift; sourceTree = "<group>"; };
		4385AFD12ABB4E3600F9BAC5 /* Extension.swift */ = {isa = PBXFileReference; lastKnownFileType = sourcecode.swift; path = Extension.swift; sourceTree = "<group>"; };
		438E23762AF7B29400BBC2D8 /* PhotoMessage.swift */ = {isa = PBXFileReference; lastKnownFileType = sourcecode.swift; path = PhotoMessage.swift; sourceTree = "<group>"; };
		438EC7612AD4698400BF6413 /* ChatDetailViewController.swift */ = {isa = PBXFileReference; lastKnownFileType = sourcecode.swift; path = ChatDetailViewController.swift; sourceTree = "<group>"; };
		439BDAF62AC59AD900672F5F /* Chat.swift */ = {isa = PBXFileReference; lastKnownFileType = sourcecode.swift; path = Chat.swift; sourceTree = "<group>"; };
		43A041C22AE3F0B800E9B37D /* RealmManager.swift */ = {isa = PBXFileReference; lastKnownFileType = sourcecode.swift; path = RealmManager.swift; sourceTree = "<group>"; };
		43A041C62AE3F91600E9B37D /* OutComingMessage.swift */ = {isa = PBXFileReference; lastKnownFileType = sourcecode.swift; path = OutComingMessage.swift; sourceTree = "<group>"; };
		43A21DEC2B24DAC8003277F9 /* DetailInfoTableViewController.swift */ = {isa = PBXFileReference; lastKnownFileType = sourcecode.swift; name = DetailInfoTableViewController.swift; path = "../New Group/DetailInfoTableViewController.swift"; sourceTree = "<group>"; };
		43A21DEF2B24DBB8003277F9 /* HeaderTableView.swift */ = {isa = PBXFileReference; lastKnownFileType = sourcecode.swift; path = HeaderTableView.swift; sourceTree = "<group>"; };
		43A2AD882B20DE32008D57B0 /* ChannelTableViewController.swift */ = {isa = PBXFileReference; lastKnownFileType = sourcecode.swift; path = ChannelTableViewController.swift; sourceTree = "<group>"; };
		43A8DD9B2AC5DDB600284EA0 /* Converter.swift */ = {isa = PBXFileReference; lastKnownFileType = sourcecode.swift; path = Converter.swift; sourceTree = "<group>"; };
		43AA1D532ABCAA1900195F22 /* Status.swift */ = {isa = PBXFileReference; lastKnownFileType = sourcecode.swift; path = Status.swift; sourceTree = "<group>"; };
		43AA1D552ABCB13B00195F22 /* StatusTableViewController.swift */ = {isa = PBXFileReference; lastKnownFileType = sourcecode.swift; path = StatusTableViewController.swift; sourceTree = "<group>"; };
		43B0203A2B21E09100C7BB89 /* ChannelTableViewCell.swift */ = {isa = PBXFileReference; lastKnownFileType = sourcecode.swift; path = ChannelTableViewCell.swift; sourceTree = "<group>"; };
		43B0203C2B21E2B600C7BB89 /* Channel.swift */ = {isa = PBXFileReference; lastKnownFileType = sourcecode.swift; path = Channel.swift; sourceTree = "<group>"; };
		43B020402B21F32E00C7BB89 /* AddChannelTableViewController.swift */ = {isa = PBXFileReference; lastKnownFileType = sourcecode.swift; path = AddChannelTableViewController.swift; sourceTree = "<group>"; };
		43B67F2B2ADEFF3800F66E93 /* LocalMessage.swift */ = {isa = PBXFileReference; lastKnownFileType = sourcecode.swift; path = LocalMessage.swift; sourceTree = "<group>"; };
		43C68D532A9513AC00F24944 /* TSwiftChatApp.app */ = {isa = PBXFileReference; explicitFileType = wrapper.application; includeInIndex = 0; path = TSwiftChatApp.app; sourceTree = BUILT_PRODUCTS_DIR; };
		43C68D562A9513AC00F24944 /* AppDelegate.swift */ = {isa = PBXFileReference; lastKnownFileType = sourcecode.swift; path = AppDelegate.swift; sourceTree = "<group>"; };
		43C68D582A9513AC00F24944 /* SceneDelegate.swift */ = {isa = PBXFileReference; lastKnownFileType = sourcecode.swift; path = SceneDelegate.swift; sourceTree = "<group>"; };
		43C68D5A2A9513AC00F24944 /* AuthViewController.swift */ = {isa = PBXFileReference; lastKnownFileType = sourcecode.swift; path = AuthViewController.swift; sourceTree = "<group>"; };
		43C68D5D2A9513AC00F24944 /* Base */ = {isa = PBXFileReference; lastKnownFileType = file.storyboard; name = Base; path = Base.lproj/Main.storyboard; sourceTree = "<group>"; };
		43C68D5F2A9513AE00F24944 /* Assets.xcassets */ = {isa = PBXFileReference; lastKnownFileType = folder.assetcatalog; path = Assets.xcassets; sourceTree = "<group>"; };
		43C68D622A9513AE00F24944 /* Base */ = {isa = PBXFileReference; lastKnownFileType = file.storyboard; name = Base; path = Base.lproj/LaunchScreen.storyboard; sourceTree = "<group>"; };
		43C68D642A9513AE00F24944 /* Info.plist */ = {isa = PBXFileReference; lastKnownFileType = text.plist.xml; path = Info.plist; sourceTree = "<group>"; };
		43CB0B8B2AB70ED100C78420 /* FireStorage.swift */ = {isa = PBXFileReference; lastKnownFileType = sourcecode.swift; path = FireStorage.swift; sourceTree = "<group>"; };
		43CB0B8D2AB72FA600C78420 /* GlobalFunc.swift */ = {isa = PBXFileReference; lastKnownFileType = sourcecode.swift; path = GlobalFunc.swift; sourceTree = "<group>"; };
		43CBC9502AAB7D7B00F0829E /* SettingTableViewController.swift */ = {isa = PBXFileReference; lastKnownFileType = sourcecode.swift; path = SettingTableViewController.swift; sourceTree = "<group>"; };
		43EC1A782B1F442B005F3E2E /* BasicAudioController.swift */ = {isa = PBXFileReference; fileEncoding = 4; lastKnownFileType = sourcecode.swift; path = BasicAudioController.swift; sourceTree = "<group>"; };
		A8319F407C906B3E0035B951 /* Pods_TSwiftChatApp.framework */ = {isa = PBXFileReference; explicitFileType = wrapper.framework; includeInIndex = 0; path = Pods_TSwiftChatApp.framework; sourceTree = BUILT_PRODUCTS_DIR; };
		D5FAB888CC707A0B2681B5B0 /* Pods-TSwiftChatApp.debug.xcconfig */ = {isa = PBXFileReference; includeInIndex = 1; lastKnownFileType = text.xcconfig; name = "Pods-TSwiftChatApp.debug.xcconfig"; path = "Target Support Files/Pods-TSwiftChatApp/Pods-TSwiftChatApp.debug.xcconfig"; sourceTree = "<group>"; };
/* End PBXFileReference section */

/* Begin PBXFrameworksBuildPhase section */
		43C68D502A9513AC00F24944 /* Frameworks */ = {
			isa = PBXFrameworksBuildPhase;
			buildActionMask = 2147483647;
			files = (
				0A3B809069197B1F43FA254D /* Pods_TSwiftChatApp.framework in Frameworks */,
			);
			runOnlyForDeploymentPostprocessing = 0;
		};
/* End PBXFrameworksBuildPhase section */

/* Begin PBXGroup section */
		0EFED4ADC786949029072CE3 /* Pods */ = {
			isa = PBXGroup;
			children = (
				D5FAB888CC707A0B2681B5B0 /* Pods-TSwiftChatApp.debug.xcconfig */,
				1450C77C7F80EB2E91A25128 /* Pods-TSwiftChatApp.release.xcconfig */,
			);
			path = Pods;
			sourceTree = "<group>";
		};
		27A513D78A356424270D747E /* Frameworks */ = {
			isa = PBXGroup;
			children = (
				A8319F407C906B3E0035B951 /* Pods_TSwiftChatApp.framework */,
			);
			name = Frameworks;
			sourceTree = "<group>";
		};
		430198E72A9E64F300AC0332 /* Utils */ = {
			isa = PBXGroup;
			children = (
				438441992ADE660F00A30A4E /* MessageKitDefaults.swift */,
				4342E73D2AA0F3CA00680B91 /* Validate.swift */,
				43CB0B8D2AB72FA600C78420 /* GlobalFunc.swift */,
				4385AFD12ABB4E3600F9BAC5 /* Extension.swift */,
				43A8DD9B2AC5DDB600284EA0 /* Converter.swift */,
				4338BAE82AF964CE009C94A0 /* LocationManager.swift */,
				4362D2122B1DF0F400624694 /* AudioRecordManager.swift */,
			);
			path = Utils;
			sourceTree = "<group>";
		};
		431784892AC5861400C80EBA /* Chat */ = {
			isa = PBXGroup;
			children = (
				4317848C2AC586C000C80EBA /* ChatTableViewController.swift */,
				4317848A2AC5864800C80EBA /* ChatTableViewCell.swift */,
			);
			path = Chat;
			sourceTree = "<group>";
		};
		4330DBCA2AE5361800F403CD /* Message */ = {
			isa = PBXGroup;
			children = (
				43B67F2A2ADEFF2200F66E93 /* RealmMessage */,
				4384419B2ADE6FCE00A30A4E /* MKMessage.swift */,
				43A041C62AE3F91600E9B37D /* OutComingMessage.swift */,
				4330DBCB2AE5364B00F403CD /* InComingMessage.swift */,
				4338BAE52AF94745009C94A0 /* MediaMessage */,
			);
			path = Message;
			sourceTree = "<group>";
		};
		4338BAE52AF94745009C94A0 /* MediaMessage */ = {
			isa = PBXGroup;
			children = (
				438E23762AF7B29400BBC2D8 /* PhotoMessage.swift */,
				4338BAE62AF94763009C94A0 /* VideoMessage.swift */,
				436243BF2AFA26B900CE2B29 /* LocationMessage.swift */,
				4362D2142B1E325300624694 /* AudioMessage.swift */,
			);
			path = MediaMessage;
			sourceTree = "<group>";
		};
		43679CEC2A9BB31100B5CE5C /* Controller */ = {
			isa = PBXGroup;
			children = (
				43C68D5A2A9513AC00F24944 /* AuthViewController.swift */,
				43A21DEE2B24DB8E003277F9 /* DetailInfo */,
				431784892AC5861400C80EBA /* Chat */,
				438EC7602AD468F000BF6413 /* ChatDetail */,
				43A2AD8A2B20DE40008D57B0 /* Channel */,
				43772B302ABF743A00EEEB79 /* People */,
				437A40902AC057BE002C762C /* Profile */,
			);
			path = Controller;
			sourceTree = "<group>";
		};
		43679CED2A9BB32900B5CE5C /* Model */ = {
			isa = PBXGroup;
			children = (
				43679CEF2A9BB39900B5CE5C /* User.swift */,
				43AA1D532ABCAA1900195F22 /* Status.swift */,
				439BDAF62AC59AD900672F5F /* Chat.swift */,
				4330DBCA2AE5361800F403CD /* Message */,
				43B0203C2B21E2B600C7BB89 /* Channel.swift */,
				4338C1BE2B1B3604002B6C8F /* MapAnnotation.swift */,
				43EC1A782B1F442B005F3E2E /* BasicAudioController.swift */,
			);
			path = Model;
			sourceTree = "<group>";
		};
		43679CEE2A9BB33400B5CE5C /* View */ = {
			isa = PBXGroup;
			children = (
				43C68D5C2A9513AC00F24944 /* Main.storyboard */,
				43C68D612A9513AE00F24944 /* LaunchScreen.storyboard */,
			);
			path = View;
			sourceTree = "<group>";
		};
		43679CF32A9BB94F00B5CE5C /* Firebase */ = {
			isa = PBXGroup;
			children = (
				43679CF42A9BB99A00B5CE5C /* FirebaseReference.swift */,
				43CB0B8B2AB70ED100C78420 /* FireStorage.swift */,
				43679CF62A9BBB1D00B5CE5C /* FirebaseUserListeners.swift */,
				435DBF662ACAAA16001D01AC /* FirebaseChatListeners.swift */,
				430BA9A32B232A6200A6FC05 /* FirebaseChannelListeners.swift */,
				43261F502AF1594B00E7B897 /* FirebaseTypingListeners.swift */,
			);
			path = Firebase;
			sourceTree = "<group>";
		};
		436C0E632AD94A7700208549 /* ChatDetailExtension */ = {
			isa = PBXGroup;
			children = (
				436C0E6C2AD94BBD00208549 /* InputBarAccessoryViewDelegate.swift */,
				436C0E662AD94B1E00208549 /* MessageCellDelegate.swift */,
				436C0E642AD94ADA00208549 /* MessagesDataSource.swift */,
				436C0E6A2AD94B9500208549 /* MessagesLayoutDelegate.swift */,
				436C0E682AD94B6200208549 /* MessagesDisplayDelegate.swift */,
			);
			path = ChatDetailExtension;
			sourceTree = "<group>";
		};
		43772B302ABF743A00EEEB79 /* People */ = {
			isa = PBXGroup;
			children = (
				437A408E2AC04F2D002C762C /* PeopleViewController.swift */,
				43772B312ABF74DB00EEEB79 /* PeopleTableViewCell.swift */,
			);
			path = People;
			sourceTree = "<group>";
		};
		437A40902AC057BE002C762C /* Profile */ = {
			isa = PBXGroup;
			children = (
				43CBC9502AAB7D7B00F0829E /* SettingTableViewController.swift */,
				437C996C2AAE201E00A5D4A1 /* EditProfileTableViewController.swift */,
				43AA1D552ABCB13B00195F22 /* StatusTableViewController.swift */,
			);
			path = Profile;
			sourceTree = "<group>";
		};
		438EC7602AD468F000BF6413 /* ChatDetail */ = {
			isa = PBXGroup;
			children = (
				436C0E632AD94A7700208549 /* ChatDetailExtension */,
				438EC7612AD4698400BF6413 /* ChatDetailViewController.swift */,
				4338C1BC2B1B269A002B6C8F /* MapViewController.swift */,
			);
			path = ChatDetail;
			sourceTree = "<group>";
		};
		43A21DEE2B24DB8E003277F9 /* DetailInfo */ = {
			isa = PBXGroup;
			children = (
				43A21DEC2B24DAC8003277F9 /* DetailInfoTableViewController.swift */,
				43A21DEF2B24DBB8003277F9 /* HeaderTableView.swift */,
			);
			path = DetailInfo;
			sourceTree = "<group>";
		};
		43A2AD8A2B20DE40008D57B0 /* Channel */ = {
			isa = PBXGroup;
			children = (
				43A2AD882B20DE32008D57B0 /* ChannelTableViewController.swift */,
				43B0203A2B21E09100C7BB89 /* ChannelTableViewCell.swift */,
				43B020402B21F32E00C7BB89 /* AddChannelTableViewController.swift */,
			);
			path = Channel;
			sourceTree = "<group>";
		};
		43B67F2A2ADEFF2200F66E93 /* RealmMessage */ = {
			isa = PBXGroup;
			children = (
				43B67F2B2ADEFF3800F66E93 /* LocalMessage.swift */,
				43A041C22AE3F0B800E9B37D /* RealmManager.swift */,
			);
			path = RealmMessage;
			sourceTree = "<group>";
		};
		43C68D4A2A9513AC00F24944 = {
			isa = PBXGroup;
			children = (
				4358B6D72A95271F00DB3282 /* GoogleService-Info.plist */,
				43C68D552A9513AC00F24944 /* TSwiftChatApp */,
				43C68D542A9513AC00F24944 /* Products */,
				0EFED4ADC786949029072CE3 /* Pods */,
				27A513D78A356424270D747E /* Frameworks */,
			);
			sourceTree = "<group>";
		};
		43C68D542A9513AC00F24944 /* Products */ = {
			isa = PBXGroup;
			children = (
				43C68D532A9513AC00F24944 /* TSwiftChatApp.app */,
			);
			name = Products;
			sourceTree = "<group>";
		};
		43C68D552A9513AC00F24944 /* TSwiftChatApp */ = {
			isa = PBXGroup;
			children = (
				43C68D562A9513AC00F24944 /* AppDelegate.swift */,
				43C68D582A9513AC00F24944 /* SceneDelegate.swift */,
				43C68D5F2A9513AE00F24944 /* Assets.xcassets */,
				43679CED2A9BB32900B5CE5C /* Model */,
				43679CEE2A9BB33400B5CE5C /* View */,
				43679CEC2A9BB31100B5CE5C /* Controller */,
				43679CF32A9BB94F00B5CE5C /* Firebase */,
				430198E72A9E64F300AC0332 /* Utils */,
				43679CF12A9BB50700B5CE5C /* Constants.swift */,
				43C68D642A9513AE00F24944 /* Info.plist */,
			);
			path = TSwiftChatApp;
			sourceTree = "<group>";
		};
/* End PBXGroup section */

/* Begin PBXNativeTarget section */
		43C68D522A9513AC00F24944 /* TSwiftChatApp */ = {
			isa = PBXNativeTarget;
			buildConfigurationList = 43C68D672A9513AE00F24944 /* Build configuration list for PBXNativeTarget "TSwiftChatApp" */;
			buildPhases = (
				B836FD10D5309029F5E6D7F7 /* [CP] Check Pods Manifest.lock */,
				43C68D4F2A9513AC00F24944 /* Sources */,
				43C68D502A9513AC00F24944 /* Frameworks */,
				43C68D512A9513AC00F24944 /* Resources */,
				FA473929C6514888D3812EC1 /* [CP] Embed Pods Frameworks */,
			);
			buildRules = (
			);
			dependencies = (
			);
			name = TSwiftChatApp;
			productName = TSwiftChatApp;
			productReference = 43C68D532A9513AC00F24944 /* TSwiftChatApp.app */;
			productType = "com.apple.product-type.application";
		};
/* End PBXNativeTarget section */

/* Begin PBXProject section */
		43C68D4B2A9513AC00F24944 /* Project object */ = {
			isa = PBXProject;
			attributes = {
				BuildIndependentTargetsInParallel = 1;
				LastSwiftUpdateCheck = 1320;
				LastUpgradeCheck = 1320;
				TargetAttributes = {
					43C68D522A9513AC00F24944 = {
						CreatedOnToolsVersion = 13.2.1;
					};
				};
			};
			buildConfigurationList = 43C68D4E2A9513AC00F24944 /* Build configuration list for PBXProject "TSwiftChatApp" */;
			compatibilityVersion = "Xcode 13.0";
			developmentRegion = en;
			hasScannedForEncodings = 0;
			knownRegions = (
				en,
				Base,
			);
			mainGroup = 43C68D4A2A9513AC00F24944;
			productRefGroup = 43C68D542A9513AC00F24944 /* Products */;
			projectDirPath = "";
			projectRoot = "";
			targets = (
				43C68D522A9513AC00F24944 /* TSwiftChatApp */,
			);
		};
/* End PBXProject section */

/* Begin PBXResourcesBuildPhase section */
		43C68D512A9513AC00F24944 /* Resources */ = {
			isa = PBXResourcesBuildPhase;
			buildActionMask = 2147483647;
			files = (
				43C68D632A9513AE00F24944 /* LaunchScreen.storyboard in Resources */,
				4358B6D82A95271F00DB3282 /* GoogleService-Info.plist in Resources */,
				43C68D602A9513AE00F24944 /* Assets.xcassets in Resources */,
				43C68D5E2A9513AC00F24944 /* Main.storyboard in Resources */,
			);
			runOnlyForDeploymentPostprocessing = 0;
		};
/* End PBXResourcesBuildPhase section */

/* Begin PBXShellScriptBuildPhase section */
		B836FD10D5309029F5E6D7F7 /* [CP] Check Pods Manifest.lock */ = {
			isa = PBXShellScriptBuildPhase;
			buildActionMask = 2147483647;
			files = (
			);
			inputFileListPaths = (
			);
			inputPaths = (
				"${PODS_PODFILE_DIR_PATH}/Podfile.lock",
				"${PODS_ROOT}/Manifest.lock",
			);
			name = "[CP] Check Pods Manifest.lock";
			outputFileListPaths = (
			);
			outputPaths = (
				"$(DERIVED_FILE_DIR)/Pods-TSwiftChatApp-checkManifestLockResult.txt",
			);
			runOnlyForDeploymentPostprocessing = 0;
			shellPath = /bin/sh;
			shellScript = "diff \"${PODS_PODFILE_DIR_PATH}/Podfile.lock\" \"${PODS_ROOT}/Manifest.lock\" > /dev/null\nif [ $? != 0 ] ; then\n    # print error to STDERR\n    echo \"error: The sandbox is not in sync with the Podfile.lock. Run 'pod install' or update your CocoaPods installation.\" >&2\n    exit 1\nfi\n# This output is used by Xcode 'outputs' to avoid re-running this script phase.\necho \"SUCCESS\" > \"${SCRIPT_OUTPUT_FILE_0}\"\n";
			showEnvVarsInLog = 0;
		};
		FA473929C6514888D3812EC1 /* [CP] Embed Pods Frameworks */ = {
			isa = PBXShellScriptBuildPhase;
			buildActionMask = 2147483647;
			files = (
			);
			inputFileListPaths = (
				"${PODS_ROOT}/Target Support Files/Pods-TSwiftChatApp/Pods-TSwiftChatApp-frameworks-${CONFIGURATION}-input-files.xcfilelist",
			);
			name = "[CP] Embed Pods Frameworks";
			outputFileListPaths = (
				"${PODS_ROOT}/Target Support Files/Pods-TSwiftChatApp/Pods-TSwiftChatApp-frameworks-${CONFIGURATION}-output-files.xcfilelist",
			);
			runOnlyForDeploymentPostprocessing = 0;
			shellPath = /bin/sh;
			shellScript = "\"${PODS_ROOT}/Target Support Files/Pods-TSwiftChatApp/Pods-TSwiftChatApp-frameworks.sh\"\n";
			showEnvVarsInLog = 0;
		};
/* End PBXShellScriptBuildPhase section */

/* Begin PBXSourcesBuildPhase section */
		43C68D4F2A9513AC00F24944 /* Sources */ = {
			isa = PBXSourcesBuildPhase;
			buildActionMask = 2147483647;
			files = (
				436C0E6B2AD94B9500208549 /* MessagesLayoutDelegate.swift in Sources */,
				43B67F2C2ADEFF3800F66E93 /* LocalMessage.swift in Sources */,
				43679CF02A9BB39900B5CE5C /* User.swift in Sources */,
				438EC7622AD4698400BF6413 /* ChatDetailViewController.swift in Sources */,
				43A21DF02B24DBB8003277F9 /* HeaderTableView.swift in Sources */,
				43679CF72A9BBB1D00B5CE5C /* FirebaseUserListeners.swift in Sources */,
				43A21DED2B24DAC8003277F9 /* DetailInfoTableViewController.swift in Sources */,
				43EC1A792B1F442B005F3E2E /* BasicAudioController.swift in Sources */,
				43C68D5B2A9513AC00F24944 /* AuthViewController.swift in Sources */,
				436C0E6D2AD94BBD00208549 /* InputBarAccessoryViewDelegate.swift in Sources */,
				4384419A2ADE660F00A30A4E /* MessageKitDefaults.swift in Sources */,
				43261F512AF1594B00E7B897 /* FirebaseTypingListeners.swift in Sources */,
				4317848B2AC5864800C80EBA /* ChatTableViewCell.swift in Sources */,
				436C0E672AD94B1E00208549 /* MessageCellDelegate.swift in Sources */,
				435DBF672ACAAA16001D01AC /* FirebaseChatListeners.swift in Sources */,
				436C0E652AD94ADB00208549 /* MessagesDataSource.swift in Sources */,
				4338C1BF2B1B3604002B6C8F /* MapAnnotation.swift in Sources */,
				437C996D2AAE201E00A5D4A1 /* EditProfileTableViewController.swift in Sources */,
				43CB0B8E2AB72FA600C78420 /* GlobalFunc.swift in Sources */,
				4342E73E2AA0F3CA00680B91 /* Validate.swift in Sources */,
				43B020412B21F32E00C7BB89 /* AddChannelTableViewController.swift in Sources */,
				43A041C72AE3F91600E9B37D /* OutComingMessage.swift in Sources */,
				43C68D572A9513AC00F24944 /* AppDelegate.swift in Sources */,
				43679CF22A9BB50700B5CE5C /* Constants.swift in Sources */,
				43CBC9512AAB7D7B00F0829E /* SettingTableViewController.swift in Sources */,
				43A8DD9C2AC5DDB600284EA0 /* Converter.swift in Sources */,
				43AA1D562ABCB13B00195F22 /* StatusTableViewController.swift in Sources */,
				437A408F2AC04F2D002C762C /* PeopleViewController.swift in Sources */,
				4338C1BD2B1B269A002B6C8F /* MapViewController.swift in Sources */,
				43A2AD892B20DE32008D57B0 /* ChannelTableViewController.swift in Sources */,
				4317848D2AC586C000C80EBA /* ChatTableViewController.swift in Sources */,
				4338BAE72AF94763009C94A0 /* VideoMessage.swift in Sources */,
				43B0203D2B21E2B600C7BB89 /* Channel.swift in Sources */,
				4362D2132B1DF0F400624694 /* AudioRecordManager.swift in Sources */,
				4362D2152B1E325300624694 /* AudioMessage.swift in Sources */,
				4330DBCC2AE5364B00F403CD /* InComingMessage.swift in Sources */,
				439BDAF72AC59AD900672F5F /* Chat.swift in Sources */,
				43AA1D542ABCAA1900195F22 /* Status.swift in Sources */,
				4385AFD22ABB4E3600F9BAC5 /* Extension.swift in Sources */,
				436243C02AFA26B900CE2B29 /* LocationMessage.swift in Sources */,
				43A041C32AE3F0B800E9B37D /* RealmManager.swift in Sources */,
				43B0203B2B21E09100C7BB89 /* ChannelTableViewCell.swift in Sources */,
				436C0E692AD94B6200208549 /* MessagesDisplayDelegate.swift in Sources */,
				43679CF52A9BB99A00B5CE5C /* FirebaseReference.swift in Sources */,
				43C68D592A9513AC00F24944 /* SceneDelegate.swift in Sources */,
				438E23772AF7B29400BBC2D8 /* PhotoMessage.swift in Sources */,
				430BA9A42B232A6200A6FC05 /* FirebaseChannelListeners.swift in Sources */,
				43772B322ABF74DB00EEEB79 /* PeopleTableViewCell.swift in Sources */,
				43CB0B8C2AB70ED100C78420 /* FireStorage.swift in Sources */,
				4338BAE92AF964CE009C94A0 /* LocationManager.swift in Sources */,
				4384419C2ADE6FCE00A30A4E /* MKMessage.swift in Sources */,
			);
			runOnlyForDeploymentPostprocessing = 0;
		};
/* End PBXSourcesBuildPhase section */

/* Begin PBXVariantGroup section */
		43C68D5C2A9513AC00F24944 /* Main.storyboard */ = {
			isa = PBXVariantGroup;
			children = (
				43C68D5D2A9513AC00F24944 /* Base */,
			);
			name = Main.storyboard;
			sourceTree = "<group>";
		};
		43C68D612A9513AE00F24944 /* LaunchScreen.storyboard */ = {
			isa = PBXVariantGroup;
			children = (
				43C68D622A9513AE00F24944 /* Base */,
			);
			name = LaunchScreen.storyboard;
			sourceTree = "<group>";
		};
/* End PBXVariantGroup section */

/* Begin XCBuildConfiguration section */
		43C68D652A9513AE00F24944 /* Debug */ = {
			isa = XCBuildConfiguration;
			buildSettings = {
				ALWAYS_SEARCH_USER_PATHS = NO;
				CLANG_ANALYZER_NONNULL = YES;
				CLANG_ANALYZER_NUMBER_OBJECT_CONVERSION = YES_AGGRESSIVE;
				CLANG_CXX_LANGUAGE_STANDARD = "gnu++17";
				CLANG_CXX_LIBRARY = "libc++";
				CLANG_ENABLE_MODULES = YES;
				CLANG_ENABLE_OBJC_ARC = YES;
				CLANG_ENABLE_OBJC_WEAK = YES;
				CLANG_WARN_BLOCK_CAPTURE_AUTORELEASING = YES;
				CLANG_WARN_BOOL_CONVERSION = YES;
				CLANG_WARN_COMMA = YES;
				CLANG_WARN_CONSTANT_CONVERSION = YES;
				CLANG_WARN_DEPRECATED_OBJC_IMPLEMENTATIONS = YES;
				CLANG_WARN_DIRECT_OBJC_ISA_USAGE = YES_ERROR;
				CLANG_WARN_DOCUMENTATION_COMMENTS = YES;
				CLANG_WARN_EMPTY_BODY = YES;
				CLANG_WARN_ENUM_CONVERSION = YES;
				CLANG_WARN_INFINITE_RECURSION = YES;
				CLANG_WARN_INT_CONVERSION = YES;
				CLANG_WARN_NON_LITERAL_NULL_CONVERSION = YES;
				CLANG_WARN_OBJC_IMPLICIT_RETAIN_SELF = YES;
				CLANG_WARN_OBJC_LITERAL_CONVERSION = YES;
				CLANG_WARN_OBJC_ROOT_CLASS = YES_ERROR;
				CLANG_WARN_QUOTED_INCLUDE_IN_FRAMEWORK_HEADER = YES;
				CLANG_WARN_RANGE_LOOP_ANALYSIS = YES;
				CLANG_WARN_STRICT_PROTOTYPES = YES;
				CLANG_WARN_SUSPICIOUS_MOVE = YES;
				CLANG_WARN_UNGUARDED_AVAILABILITY = YES_AGGRESSIVE;
				CLANG_WARN_UNREACHABLE_CODE = YES;
				CLANG_WARN__DUPLICATE_METHOD_MATCH = YES;
				COPY_PHASE_STRIP = NO;
				DEBUG_INFORMATION_FORMAT = dwarf;
				ENABLE_STRICT_OBJC_MSGSEND = YES;
				ENABLE_TESTABILITY = YES;
				ENABLE_USER_SELECTED_FILES = readonly;
				GCC_C_LANGUAGE_STANDARD = gnu11;
				GCC_DYNAMIC_NO_PIC = NO;
				GCC_NO_COMMON_BLOCKS = YES;
				GCC_OPTIMIZATION_LEVEL = 0;
				GCC_PREPROCESSOR_DEFINITIONS = (
					"DEBUG=1",
					"$(inherited)",
				);
				GCC_WARN_64_TO_32_BIT_CONVERSION = YES;
				GCC_WARN_ABOUT_RETURN_TYPE = YES_ERROR;
				GCC_WARN_UNDECLARED_SELECTOR = YES;
				GCC_WARN_UNINITIALIZED_AUTOS = YES_AGGRESSIVE;
				GCC_WARN_UNUSED_FUNCTION = YES;
				GCC_WARN_UNUSED_VARIABLE = YES;
				IPHONEOS_DEPLOYMENT_TARGET = 15.2;
				MTL_ENABLE_DEBUG_INFO = INCLUDE_SOURCE;
				MTL_FAST_MATH = YES;
				ONLY_ACTIVE_ARCH = YES;
				SDKROOT = iphoneos;
				SWIFT_ACTIVE_COMPILATION_CONDITIONS = DEBUG;
				SWIFT_OPTIMIZATION_LEVEL = "-Onone";
			};
			name = Debug;
		};
		43C68D662A9513AE00F24944 /* Release */ = {
			isa = XCBuildConfiguration;
			buildSettings = {
				ALWAYS_SEARCH_USER_PATHS = NO;
				CLANG_ANALYZER_NONNULL = YES;
				CLANG_ANALYZER_NUMBER_OBJECT_CONVERSION = YES_AGGRESSIVE;
				CLANG_CXX_LANGUAGE_STANDARD = "gnu++17";
				CLANG_CXX_LIBRARY = "libc++";
				CLANG_ENABLE_MODULES = YES;
				CLANG_ENABLE_OBJC_ARC = YES;
				CLANG_ENABLE_OBJC_WEAK = YES;
				CLANG_WARN_BLOCK_CAPTURE_AUTORELEASING = YES;
				CLANG_WARN_BOOL_CONVERSION = YES;
				CLANG_WARN_COMMA = YES;
				CLANG_WARN_CONSTANT_CONVERSION = YES;
				CLANG_WARN_DEPRECATED_OBJC_IMPLEMENTATIONS = YES;
				CLANG_WARN_DIRECT_OBJC_ISA_USAGE = YES_ERROR;
				CLANG_WARN_DOCUMENTATION_COMMENTS = YES;
				CLANG_WARN_EMPTY_BODY = YES;
				CLANG_WARN_ENUM_CONVERSION = YES;
				CLANG_WARN_INFINITE_RECURSION = YES;
				CLANG_WARN_INT_CONVERSION = YES;
				CLANG_WARN_NON_LITERAL_NULL_CONVERSION = YES;
				CLANG_WARN_OBJC_IMPLICIT_RETAIN_SELF = YES;
				CLANG_WARN_OBJC_LITERAL_CONVERSION = YES;
				CLANG_WARN_OBJC_ROOT_CLASS = YES_ERROR;
				CLANG_WARN_QUOTED_INCLUDE_IN_FRAMEWORK_HEADER = YES;
				CLANG_WARN_RANGE_LOOP_ANALYSIS = YES;
				CLANG_WARN_STRICT_PROTOTYPES = YES;
				CLANG_WARN_SUSPICIOUS_MOVE = YES;
				CLANG_WARN_UNGUARDED_AVAILABILITY = YES_AGGRESSIVE;
				CLANG_WARN_UNREACHABLE_CODE = YES;
				CLANG_WARN__DUPLICATE_METHOD_MATCH = YES;
				COPY_PHASE_STRIP = NO;
				DEBUG_INFORMATION_FORMAT = "dwarf-with-dsym";
				ENABLE_NS_ASSERTIONS = NO;
				ENABLE_STRICT_OBJC_MSGSEND = YES;
				ENABLE_USER_SELECTED_FILES = readonly;
				GCC_C_LANGUAGE_STANDARD = gnu11;
				GCC_NO_COMMON_BLOCKS = YES;
				GCC_WARN_64_TO_32_BIT_CONVERSION = YES;
				GCC_WARN_ABOUT_RETURN_TYPE = YES_ERROR;
				GCC_WARN_UNDECLARED_SELECTOR = YES;
				GCC_WARN_UNINITIALIZED_AUTOS = YES_AGGRESSIVE;
				GCC_WARN_UNUSED_FUNCTION = YES;
				GCC_WARN_UNUSED_VARIABLE = YES;
				IPHONEOS_DEPLOYMENT_TARGET = 15.2;
				MTL_ENABLE_DEBUG_INFO = NO;
				MTL_FAST_MATH = YES;
				SDKROOT = iphoneos;
				SWIFT_COMPILATION_MODE = wholemodule;
				SWIFT_OPTIMIZATION_LEVEL = "-O";
				VALIDATE_PRODUCT = YES;
			};
			name = Release;
		};
		43C68D682A9513AE00F24944 /* Debug */ = {
			isa = XCBuildConfiguration;
			baseConfigurationReference = D5FAB888CC707A0B2681B5B0 /* Pods-TSwiftChatApp.debug.xcconfig */;
			buildSettings = {
				ASSETCATALOG_COMPILER_APPICON_NAME = AppIcon;
				ASSETCATALOG_COMPILER_GLOBAL_ACCENT_COLOR_NAME = AccentColor;
				CODE_SIGN_STYLE = Automatic;
				CURRENT_PROJECT_VERSION = 1;
				DEVELOPMENT_TEAM = QXDGKK8ACR;
				ENABLE_APP_SANDBOX = NO;
				ENABLE_USER_SELECTED_FILES = readonly;
				GENERATE_INFOPLIST_FILE = YES;
				INFOPLIST_FILE = TSwiftChatApp/Info.plist;
				INFOPLIST_KEY_UIApplicationSupportsIndirectInputEvents = YES;
				INFOPLIST_KEY_UILaunchStoryboardName = LaunchScreen;
				INFOPLIST_KEY_UIMainStoryboardFile = Main;
				INFOPLIST_KEY_UISupportedInterfaceOrientations = UIInterfaceOrientationPortrait;
				INFOPLIST_KEY_UISupportedInterfaceOrientations_iPad = "UIInterfaceOrientationPortrait UIInterfaceOrientationPortraitUpsideDown UIInterfaceOrientationLandscapeLeft UIInterfaceOrientationLandscapeRight";
				INFOPLIST_KEY_UISupportedInterfaceOrientations_iPhone = "UIInterfaceOrientationPortrait UIInterfaceOrientationLandscapeLeft UIInterfaceOrientationLandscapeRight";
				LD_RUNPATH_SEARCH_PATHS = (
					"$(inherited)",
					"@executable_path/Frameworks",
				);
				MARKETING_VERSION = 1.0;
				PRODUCT_BUNDLE_IDENTIFIER = com.pmthuan.TSwiftChatApp;
				PRODUCT_NAME = "$(TARGET_NAME)";
				SWIFT_EMIT_LOC_STRINGS = YES;
				SWIFT_VERSION = 5.0;
				TARGETED_DEVICE_FAMILY = "1,2";
			};
			name = Debug;
		};
		43C68D692A9513AE00F24944 /* Release */ = {
			isa = XCBuildConfiguration;
			baseConfigurationReference = 1450C77C7F80EB2E91A25128 /* Pods-TSwiftChatApp.release.xcconfig */;
			buildSettings = {
				ASSETCATALOG_COMPILER_APPICON_NAME = AppIcon;
				ASSETCATALOG_COMPILER_GLOBAL_ACCENT_COLOR_NAME = AccentColor;
				CODE_SIGN_STYLE = Automatic;
				CURRENT_PROJECT_VERSION = 1;
				DEVELOPMENT_TEAM = QXDGKK8ACR;
				ENABLE_APP_SANDBOX = NO;
				ENABLE_USER_SELECTED_FILES = readonly;
				GENERATE_INFOPLIST_FILE = YES;
				INFOPLIST_FILE = TSwiftChatApp/Info.plist;
				INFOPLIST_KEY_UIApplicationSupportsIndirectInputEvents = YES;
				INFOPLIST_KEY_UILaunchStoryboardName = LaunchScreen;
				INFOPLIST_KEY_UIMainStoryboardFile = Main;
				INFOPLIST_KEY_UISupportedInterfaceOrientations = UIInterfaceOrientationPortrait;
				INFOPLIST_KEY_UISupportedInterfaceOrientations_iPad = "UIInterfaceOrientationPortrait UIInterfaceOrientationPortraitUpsideDown UIInterfaceOrientationLandscapeLeft UIInterfaceOrientationLandscapeRight";
				INFOPLIST_KEY_UISupportedInterfaceOrientations_iPhone = "UIInterfaceOrientationPortrait UIInterfaceOrientationLandscapeLeft UIInterfaceOrientationLandscapeRight";
				LD_RUNPATH_SEARCH_PATHS = (
					"$(inherited)",
					"@executable_path/Frameworks",
				);
				MARKETING_VERSION = 1.0;
				PRODUCT_BUNDLE_IDENTIFIER = com.pmthuan.TSwiftChatApp;
				PRODUCT_NAME = "$(TARGET_NAME)";
				SWIFT_EMIT_LOC_STRINGS = YES;
				SWIFT_VERSION = 5.0;
				TARGETED_DEVICE_FAMILY = "1,2";
			};
			name = Release;
		};
/* End XCBuildConfiguration section */

/* Begin XCConfigurationList section */
		43C68D4E2A9513AC00F24944 /* Build configuration list for PBXProject "TSwiftChatApp" */ = {
			isa = XCConfigurationList;
			buildConfigurations = (
				43C68D652A9513AE00F24944 /* Debug */,
				43C68D662A9513AE00F24944 /* Release */,
			);
			defaultConfigurationIsVisible = 0;
			defaultConfigurationName = Release;
		};
		43C68D672A9513AE00F24944 /* Build configuration list for PBXNativeTarget "TSwiftChatApp" */ = {
			isa = XCConfigurationList;
			buildConfigurations = (
				43C68D682A9513AE00F24944 /* Debug */,
				43C68D692A9513AE00F24944 /* Release */,
			);
			defaultConfigurationIsVisible = 0;
			defaultConfigurationName = Release;
		};
/* End XCConfigurationList section */
	};
	rootObject = 43C68D4B2A9513AC00F24944 /* Project object */;
}
